// !$*UTF8*$!
{
	archiveVersion = 1;
	classes = {
	};
	objectVersion = 55;
	objects = {

/* Begin PBXBuildFile section */
		85950D582949F51E00A41012 /* AppDelegate.swift in Sources */ = {isa = PBXBuildFile; fileRef = 85950D572949F51E00A41012 /* AppDelegate.swift */; };
		85950D5A2949F51E00A41012 /* SceneDelegate.swift in Sources */ = {isa = PBXBuildFile; fileRef = 85950D592949F51E00A41012 /* SceneDelegate.swift */; };
		85950D5F2949F51E00A41012 /* Main.storyboard in Resources */ = {isa = PBXBuildFile; fileRef = 85950D5D2949F51E00A41012 /* Main.storyboard */; };
		85950D612949F52000A41012 /* Assets.xcassets in Resources */ = {isa = PBXBuildFile; fileRef = 85950D602949F52000A41012 /* Assets.xcassets */; };
		85950D642949F52000A41012 /* LaunchScreen.storyboard in Resources */ = {isa = PBXBuildFile; fileRef = 85950D622949F52000A41012 /* LaunchScreen.storyboard */; };
		85950D71294A004000A41012 /* MenuTVC.swift in Sources */ = {isa = PBXBuildFile; fileRef = 85950D70294A004000A41012 /* MenuTVC.swift */; };
		85950D73294A13E000A41012 /* meal.swift in Sources */ = {isa = PBXBuildFile; fileRef = 85950D72294A13E000A41012 /* meal.swift */; };
		85950D75294A18A600A41012 /* Feedback.swift in Sources */ = {isa = PBXBuildFile; fileRef = 85950D74294A18A600A41012 /* Feedback.swift */; };
		85950D77294A317C00A41012 /* CardWithMealViewController.swift in Sources */ = {isa = PBXBuildFile; fileRef = 85950D76294A317C00A41012 /* CardWithMealViewController.swift */; };
		85950D7A294A720B00A41012 /* ReviewTableViewCell.swift in Sources */ = {isa = PBXBuildFile; fileRef = 85950D78294A720B00A41012 /* ReviewTableViewCell.swift */; };
		85950D7B294A720B00A41012 /* ReviewTableViewCell.xib in Resources */ = {isa = PBXBuildFile; fileRef = 85950D79294A720B00A41012 /* ReviewTableViewCell.xib */; };
		85950D7E294A7BD600A41012 /* MealsData.swift in Sources */ = {isa = PBXBuildFile; fileRef = 85950D7D294A7BD600A41012 /* MealsData.swift */; };
		85950D80294B3BF900A41012 /* CreateFeedbackViewController.swift in Sources */ = {isa = PBXBuildFile; fileRef = 85950D7F294B3BF900A41012 /* CreateFeedbackViewController.swift */; };
		85CB253D294CB1AC00C10292 /* CellManager.swift in Sources */ = {isa = PBXBuildFile; fileRef = 85CB253C294CB1AC00C10292 /* CellManager.swift */; };
		85CB253F29506AB500C10292 /* ReviewsTableViewController.swift in Sources */ = {isa = PBXBuildFile; fileRef = 85CB253E29506AB500C10292 /* ReviewsTableViewController.swift */; };
/* End PBXBuildFile section */

/* Begin PBXFileReference section */
		85950D542949F51E00A41012 /* McdonaldsApp.app */ = {isa = PBXFileReference; explicitFileType = wrapper.application; includeInIndex = 0; path = McdonaldsApp.app; sourceTree = BUILT_PRODUCTS_DIR; };
		85950D572949F51E00A41012 /* AppDelegate.swift */ = {isa = PBXFileReference; lastKnownFileType = sourcecode.swift; path = AppDelegate.swift; sourceTree = "<group>"; };
		85950D592949F51E00A41012 /* SceneDelegate.swift */ = {isa = PBXFileReference; lastKnownFileType = sourcecode.swift; path = SceneDelegate.swift; sourceTree = "<group>"; };
		85950D5E2949F51E00A41012 /* Base */ = {isa = PBXFileReference; lastKnownFileType = file.storyboard; name = Base; path = Base.lproj/Main.storyboard; sourceTree = "<group>"; };
		85950D602949F52000A41012 /* Assets.xcassets */ = {isa = PBXFileReference; lastKnownFileType = folder.assetcatalog; path = Assets.xcassets; sourceTree = "<group>"; };
		85950D632949F52000A41012 /* Base */ = {isa = PBXFileReference; lastKnownFileType = file.storyboard; name = Base; path = Base.lproj/LaunchScreen.storyboard; sourceTree = "<group>"; };
		85950D652949F52000A41012 /* Info.plist */ = {isa = PBXFileReference; lastKnownFileType = text.plist.xml; path = Info.plist; sourceTree = "<group>"; };
		85950D70294A004000A41012 /* MenuTVC.swift */ = {isa = PBXFileReference; lastKnownFileType = sourcecode.swift; path = MenuTVC.swift; sourceTree = "<group>"; };
		85950D72294A13E000A41012 /* meal.swift */ = {isa = PBXFileReference; lastKnownFileType = sourcecode.swift; path = meal.swift; sourceTree = "<group>"; };
		85950D74294A18A600A41012 /* Feedback.swift */ = {isa = PBXFileReference; lastKnownFileType = sourcecode.swift; path = Feedback.swift; sourceTree = "<group>"; };
		85950D76294A317C00A41012 /* CardWithMealViewController.swift */ = {isa = PBXFileReference; lastKnownFileType = sourcecode.swift; path = CardWithMealViewController.swift; sourceTree = "<group>"; };
		85950D78294A720B00A41012 /* ReviewTableViewCell.swift */ = {isa = PBXFileReference; lastKnownFileType = sourcecode.swift; path = ReviewTableViewCell.swift; sourceTree = "<group>"; };
		85950D79294A720B00A41012 /* ReviewTableViewCell.xib */ = {isa = PBXFileReference; lastKnownFileType = file.xib; path = ReviewTableViewCell.xib; sourceTree = "<group>"; };
		85950D7D294A7BD600A41012 /* MealsData.swift */ = {isa = PBXFileReference; lastKnownFileType = sourcecode.swift; path = MealsData.swift; sourceTree = "<group>"; };
		85950D7F294B3BF900A41012 /* CreateFeedbackViewController.swift */ = {isa = PBXFileReference; lastKnownFileType = sourcecode.swift; path = CreateFeedbackViewController.swift; sourceTree = "<group>"; };
		85CB253C294CB1AC00C10292 /* CellManager.swift */ = {isa = PBXFileReference; lastKnownFileType = sourcecode.swift; path = CellManager.swift; sourceTree = "<group>"; };
		85CB253E29506AB500C10292 /* ReviewsTableViewController.swift */ = {isa = PBXFileReference; lastKnownFileType = sourcecode.swift; path = ReviewsTableViewController.swift; sourceTree = "<group>"; };
/* End PBXFileReference section */

/* Begin PBXFrameworksBuildPhase section */
		85950D512949F51E00A41012 /* Frameworks */ = {
			isa = PBXFrameworksBuildPhase;
			buildActionMask = 2147483647;
			files = (
			);
			runOnlyForDeploymentPostprocessing = 0;
		};
/* End PBXFrameworksBuildPhase section */

/* Begin PBXGroup section */
		85950D4B2949F51E00A41012 = {
			isa = PBXGroup;
			children = (
				85950D562949F51E00A41012 /* McdonaldsApp */,
				85950D552949F51E00A41012 /* Products */,
			);
			sourceTree = "<group>";
		};
		85950D552949F51E00A41012 /* Products */ = {
			isa = PBXGroup;
			children = (
				85950D542949F51E00A41012 /* McdonaldsApp.app */,
			);
			name = Products;
			sourceTree = "<group>";
		};
		85950D562949F51E00A41012 /* McdonaldsApp */ = {
			isa = PBXGroup;
			children = (
				85950D6F2949FB7000A41012 /* Services */,
				85950D6E2949FB3400A41012 /* Models */,
				85950D6D2949FB2700A41012 /* Views */,
				85950D6C2949FAEA00A41012 /* Controllers */,
				85950D6B2949FAD700A41012 /* Delegates */,
				85950D602949F52000A41012 /* Assets.xcassets */,
				85950D652949F52000A41012 /* Info.plist */,
			);
			path = McdonaldsApp;
			sourceTree = "<group>";
		};
		85950D6B2949FAD700A41012 /* Delegates */ = {
			isa = PBXGroup;
			children = (
				85950D592949F51E00A41012 /* SceneDelegate.swift */,
				85950D572949F51E00A41012 /* AppDelegate.swift */,
			);
			path = Delegates;
			sourceTree = "<group>";
		};
		85950D6C2949FAEA00A41012 /* Controllers */ = {
			isa = PBXGroup;
			children = (
				85950D70294A004000A41012 /* MenuTVC.swift */,
				85950D76294A317C00A41012 /* CardWithMealViewController.swift */,
				85950D7F294B3BF900A41012 /* CreateFeedbackViewController.swift */,
				85CB253E29506AB500C10292 /* ReviewsTableViewController.swift */,
			);
			path = Controllers;
			sourceTree = "<group>";
		};
		85950D6D2949FB2700A41012 /* Views */ = {
			isa = PBXGroup;
			children = (
				85950D5D2949F51E00A41012 /* Main.storyboard */,
				85950D622949F52000A41012 /* LaunchScreen.storyboard */,
				85950D7C294A760700A41012 /* Cell */,
			);
			path = Views;
			sourceTree = "<group>";
		};
		85950D6E2949FB3400A41012 /* Models */ = {
			isa = PBXGroup;
			children = (
				85950D72294A13E000A41012 /* meal.swift */,
				85950D74294A18A600A41012 /* Feedback.swift */,
			);
			path = Models;
			sourceTree = "<group>";
		};
		85950D6F2949FB7000A41012 /* Services */ = {
			isa = PBXGroup;
			children = (
				85950D7D294A7BD600A41012 /* MealsData.swift */,
				85CB253C294CB1AC00C10292 /* CellManager.swift */,
			);
			path = Services;
			sourceTree = "<group>";
		};
		85950D7C294A760700A41012 /* Cell */ = {
			isa = PBXGroup;
			children = (
				85950D78294A720B00A41012 /* ReviewTableViewCell.swift */,
				85950D79294A720B00A41012 /* ReviewTableViewCell.xib */,
			);
			path = Cell;
			sourceTree = "<group>";
		};
/* End PBXGroup section */

/* Begin PBXNativeTarget section */
		85950D532949F51E00A41012 /* McdonaldsApp */ = {
			isa = PBXNativeTarget;
			buildConfigurationList = 85950D682949F52000A41012 /* Build configuration list for PBXNativeTarget "McdonaldsApp" */;
			buildPhases = (
				85950D502949F51E00A41012 /* Sources */,
				85950D512949F51E00A41012 /* Frameworks */,
				85950D522949F51E00A41012 /* Resources */,
			);
			buildRules = (
			);
			dependencies = (
			);
			name = McdonaldsApp;
			productName = McdonaldsApp;
			productReference = 85950D542949F51E00A41012 /* McdonaldsApp.app */;
			productType = "com.apple.product-type.application";
		};
/* End PBXNativeTarget section */

/* Begin PBXProject section */
		85950D4C2949F51E00A41012 /* Project object */ = {
			isa = PBXProject;
			attributes = {
				BuildIndependentTargetsInParallel = 1;
				LastSwiftUpdateCheck = 1330;
				LastUpgradeCheck = 1330;
				TargetAttributes = {
					85950D532949F51E00A41012 = {
						CreatedOnToolsVersion = 13.3;
					};
				};
			};
			buildConfigurationList = 85950D4F2949F51E00A41012 /* Build configuration list for PBXProject "McdonaldsApp" */;
			compatibilityVersion = "Xcode 13.0";
			developmentRegion = en;
			hasScannedForEncodings = 0;
			knownRegions = (
				en,
				Base,
			);
			mainGroup = 85950D4B2949F51E00A41012;
			productRefGroup = 85950D552949F51E00A41012 /* Products */;
			projectDirPath = "";
			projectRoot = "";
			targets = (
				85950D532949F51E00A41012 /* McdonaldsApp */,
			);
		};
/* End PBXProject section */

/* Begin PBXResourcesBuildPhase section */
		85950D522949F51E00A41012 /* Resources */ = {
			isa = PBXResourcesBuildPhase;
			buildActionMask = 2147483647;
			files = (
				85950D642949F52000A41012 /* LaunchScreen.storyboard in Resources */,
				85950D7B294A720B00A41012 /* ReviewTableViewCell.xib in Resources */,
				85950D612949F52000A41012 /* Assets.xcassets in Resources */,
				85950D5F2949F51E00A41012 /* Main.storyboard in Resources */,
			);
			runOnlyForDeploymentPostprocessing = 0;
		};
/* End PBXResourcesBuildPhase section */

/* Begin PBXSourcesBuildPhase section */
		85950D502949F51E00A41012 /* Sources */ = {
			isa = PBXSourcesBuildPhase;
			buildActionMask = 2147483647;
			files = (
				85950D77294A317C00A41012 /* CardWithMealViewController.swift in Sources */,
				85950D73294A13E000A41012 /* meal.swift in Sources */,
				85950D80294B3BF900A41012 /* CreateFeedbackViewController.swift in Sources */,
				85950D75294A18A600A41012 /* Feedback.swift in Sources */,
				85CB253F29506AB500C10292 /* ReviewsTableViewController.swift in Sources */,
				85950D582949F51E00A41012 /* AppDelegate.swift in Sources */,
				85950D71294A004000A41012 /* MenuTVC.swift in Sources */,
				85950D7A294A720B00A41012 /* ReviewTableViewCell.swift in Sources */,
				85950D7E294A7BD600A41012 /* MealsData.swift in Sources */,
				85950D5A2949F51E00A41012 /* SceneDelegate.swift in Sources */,
				85CB253D294CB1AC00C10292 /* CellManager.swift in Sources */,
			);
			runOnlyForDeploymentPostprocessing = 0;
		};
/* End PBXSourcesBuildPhase section */

/* Begin PBXVariantGroup section */
		85950D5D2949F51E00A41012 /* Main.storyboard */ = {
			isa = PBXVariantGroup;
			children = (
				85950D5E2949F51E00A41012 /* Base */,
			);
			name = Main.storyboard;
			sourceTree = "<group>";
		};
		85950D622949F52000A41012 /* LaunchScreen.storyboard */ = {
			isa = PBXVariantGroup;
			children = (
				85950D632949F52000A41012 /* Base */,
			);
			name = LaunchScreen.storyboard;
			sourceTree = "<group>";
		};
/* End PBXVariantGroup section */

/* Begin XCBuildConfiguration section */
		85950D662949F52000A41012 /* Debug */ = {
			isa = XCBuildConfiguration;
			buildSettings = {
				ALWAYS_SEARCH_USER_PATHS = NO;
				CLANG_ANALYZER_NONNULL = YES;
				CLANG_ANALYZER_NUMBER_OBJECT_CONVERSION = YES_AGGRESSIVE;
				CLANG_CXX_LANGUAGE_STANDARD = "gnu++17";
				CLANG_ENABLE_MODULES = YES;
				CLANG_ENABLE_OBJC_ARC = YES;
				CLANG_ENABLE_OBJC_WEAK = YES;
				CLANG_WARN_BLOCK_CAPTURE_AUTORELEASING = YES;
				CLANG_WARN_BOOL_CONVERSION = YES;
				CLANG_WARN_COMMA = YES;
				CLANG_WARN_CONSTANT_CONVERSION = YES;
				CLANG_WARN_DEPRECATED_OBJC_IMPLEMENTATIONS = YES;
				CLANG_WARN_DIRECT_OBJC_ISA_USAGE = YES_ERROR;
				CLANG_WARN_DOCUMENTATION_COMMENTS = YES;
				CLANG_WARN_EMPTY_BODY = YES;
				CLANG_WARN_ENUM_CONVERSION = YES;
				CLANG_WARN_INFINITE_RECURSION = YES;
				CLANG_WARN_INT_CONVERSION = YES;
				CLANG_WARN_NON_LITERAL_NULL_CONVERSION = YES;
				CLANG_WARN_OBJC_IMPLICIT_RETAIN_SELF = YES;
				CLANG_WARN_OBJC_LITERAL_CONVERSION = YES;
				CLANG_WARN_OBJC_ROOT_CLASS = YES_ERROR;
				CLANG_WARN_QUOTED_INCLUDE_IN_FRAMEWORK_HEADER = YES;
				CLANG_WARN_RANGE_LOOP_ANALYSIS = YES;
				CLANG_WARN_STRICT_PROTOTYPES = YES;
				CLANG_WARN_SUSPICIOUS_MOVE = YES;
				CLANG_WARN_UNGUARDED_AVAILABILITY = YES_AGGRESSIVE;
				CLANG_WARN_UNREACHABLE_CODE = YES;
				CLANG_WARN__DUPLICATE_METHOD_MATCH = YES;
				COPY_PHASE_STRIP = NO;
				DEBUG_INFORMATION_FORMAT = dwarf;
				ENABLE_STRICT_OBJC_MSGSEND = YES;
				ENABLE_TESTABILITY = YES;
				GCC_C_LANGUAGE_STANDARD = gnu11;
				GCC_DYNAMIC_NO_PIC = NO;
				GCC_NO_COMMON_BLOCKS = YES;
				GCC_OPTIMIZATION_LEVEL = 0;
				GCC_PREPROCESSOR_DEFINITIONS = (
					"DEBUG=1",
					"$(inherited)",
				);
				GCC_WARN_64_TO_32_BIT_CONVERSION = YES;
				GCC_WARN_ABOUT_RETURN_TYPE = YES_ERROR;
				GCC_WARN_UNDECLARED_SELECTOR = YES;
				GCC_WARN_UNINITIALIZED_AUTOS = YES_AGGRESSIVE;
				GCC_WARN_UNUSED_FUNCTION = YES;
				GCC_WARN_UNUSED_VARIABLE = YES;
				IPHONEOS_DEPLOYMENT_TARGET = 15.4;
				MTL_ENABLE_DEBUG_INFO = INCLUDE_SOURCE;
				MTL_FAST_MATH = YES;
				ONLY_ACTIVE_ARCH = YES;
				SDKROOT = iphoneos;
				SWIFT_ACTIVE_COMPILATION_CONDITIONS = DEBUG;
				SWIFT_OPTIMIZATION_LEVEL = "-Onone";
			};
			name = Debug;
		};
		85950D672949F52000A41012 /* Release */ = {
			isa = XCBuildConfiguration;
			buildSettings = {
				ALWAYS_SEARCH_USER_PATHS = NO;
				CLANG_ANALYZER_NONNULL = YES;
				CLANG_ANALYZER_NUMBER_OBJECT_CONVERSION = YES_AGGRESSIVE;
				CLANG_CXX_LANGUAGE_STANDARD = "gnu++17";
				CLANG_ENABLE_MODULES = YES;
				CLANG_ENABLE_OBJC_ARC = YES;
				CLANG_ENABLE_OBJC_WEAK = YES;
				CLANG_WARN_BLOCK_CAPTURE_AUTORELEASING = YES;
				CLANG_WARN_BOOL_CONVERSION = YES;
				CLANG_WARN_COMMA = YES;
				CLANG_WARN_CONSTANT_CONVERSION = YES;
				CLANG_WARN_DEPRECATED_OBJC_IMPLEMENTATIONS = YES;
				CLANG_WARN_DIRECT_OBJC_ISA_USAGE = YES_ERROR;
				CLANG_WARN_DOCUMENTATION_COMMENTS = YES;
				CLANG_WARN_EMPTY_BODY = YES;
				CLANG_WARN_ENUM_CONVERSION = YES;
				CLANG_WARN_INFINITE_RECURSION = YES;
				CLANG_WARN_INT_CONVERSION = YES;
				CLANG_WARN_NON_LITERAL_NULL_CONVERSION = YES;
				CLANG_WARN_OBJC_IMPLICIT_RETAIN_SELF = YES;
				CLANG_WARN_OBJC_LITERAL_CONVERSION = YES;
				CLANG_WARN_OBJC_ROOT_CLASS = YES_ERROR;
				CLANG_WARN_QUOTED_INCLUDE_IN_FRAMEWORK_HEADER = YES;
				CLANG_WARN_RANGE_LOOP_ANALYSIS = YES;
				CLANG_WARN_STRICT_PROTOTYPES = YES;
				CLANG_WARN_SUSPICIOUS_MOVE = YES;
				CLANG_WARN_UNGUARDED_AVAILABILITY = YES_AGGRESSIVE;
				CLANG_WARN_UNREACHABLE_CODE = YES;
				CLANG_WARN__DUPLICATE_METHOD_MATCH = YES;
				COPY_PHASE_STRIP = NO;
				DEBUG_INFORMATION_FORMAT = "dwarf-with-dsym";
				ENABLE_NS_ASSERTIONS = NO;
				ENABLE_STRICT_OBJC_MSGSEND = YES;
				GCC_C_LANGUAGE_STANDARD = gnu11;
				GCC_NO_COMMON_BLOCKS = YES;
				GCC_WARN_64_TO_32_BIT_CONVERSION = YES;
				GCC_WARN_ABOUT_RETURN_TYPE = YES_ERROR;
				GCC_WARN_UNDECLARED_SELECTOR = YES;
				GCC_WARN_UNINITIALIZED_AUTOS = YES_AGGRESSIVE;
				GCC_WARN_UNUSED_FUNCTION = YES;
				GCC_WARN_UNUSED_VARIABLE = YES;
				IPHONEOS_DEPLOYMENT_TARGET = 15.4;
				MTL_ENABLE_DEBUG_INFO = NO;
				MTL_FAST_MATH = YES;
				SDKROOT = iphoneos;
				SWIFT_COMPILATION_MODE = wholemodule;
				SWIFT_OPTIMIZATION_LEVEL = "-O";
				VALIDATE_PRODUCT = YES;
			};
			name = Release;
		};
		85950D692949F52000A41012 /* Debug */ = {
			isa = XCBuildConfiguration;
			buildSettings = {
				ASSETCATALOG_COMPILER_APPICON_NAME = AppIcon;
				ASSETCATALOG_COMPILER_GLOBAL_ACCENT_COLOR_NAME = AccentColor;
				CODE_SIGN_STYLE = Automatic;
				CURRENT_PROJECT_VERSION = 1;
				DEVELOPMENT_TEAM = K58CCQ4TCZ;
				GENERATE_INFOPLIST_FILE = YES;
				INFOPLIST_FILE = McdonaldsApp/Info.plist;
				INFOPLIST_KEY_UIApplicationSupportsIndirectInputEvents = YES;
				INFOPLIST_KEY_UILaunchStoryboardName = LaunchScreen;
				INFOPLIST_KEY_UIMainStoryboardFile = Main;
				INFOPLIST_KEY_UISupportedInterfaceOrientations_iPad = "UIInterfaceOrientationPortrait UIInterfaceOrientationPortraitUpsideDown UIInterfaceOrientationLandscapeLeft UIInterfaceOrientationLandscapeRight";
				INFOPLIST_KEY_UISupportedInterfaceOrientations_iPhone = "UIInterfaceOrientationPortrait UIInterfaceOrientationLandscapeLeft UIInterfaceOrientationLandscapeRight";
				LD_RUNPATH_SEARCH_PATHS = (
					"$(inherited)",
					"@executable_path/Frameworks",
				);
				MARKETING_VERSION = 1.0;
				PRODUCT_BUNDLE_IDENTIFIER = com.uliana.McdonaldsApp;
				PRODUCT_NAME = "$(TARGET_NAME)";
				SWIFT_EMIT_LOC_STRINGS = YES;
				SWIFT_VERSION = 5.0;
				TARGETED_DEVICE_FAMILY = "1,2";
			};
			name = Debug;
		};
		85950D6A2949F52000A41012 /* Release */ = {
			isa = XCBuildConfiguration;
			buildSettings = {
				ASSETCATALOG_COMPILER_APPICON_NAME = AppIcon;
				ASSETCATALOG_COMPILER_GLOBAL_ACCENT_COLOR_NAME = AccentColor;
				CODE_SIGN_STYLE = Automatic;
				CURRENT_PROJECT_VERSION = 1;
				DEVELOPMENT_TEAM = K58CCQ4TCZ;
				GENERATE_INFOPLIST_FILE = YES;
				INFOPLIST_FILE = McdonaldsApp/Info.plist;
				INFOPLIST_KEY_UIApplicationSupportsIndirectInputEvents = YES;
				INFOPLIST_KEY_UILaunchStoryboardName = LaunchScreen;
				INFOPLIST_KEY_UIMainStoryboardFile = Main;
				INFOPLIST_KEY_UISupportedInterfaceOrientations_iPad = "UIInterfaceOrientationPortrait UIInterfaceOrientationPortraitUpsideDown UIInterfaceOrientationLandscapeLeft UIInterfaceOrientationLandscapeRight";
				INFOPLIST_KEY_UISupportedInterfaceOrientations_iPhone = "UIInterfaceOrientationPortrait UIInterfaceOrientationLandscapeLeft UIInterfaceOrientationLandscapeRight";
				LD_RUNPATH_SEARCH_PATHS = (
					"$(inherited)",
					"@executable_path/Frameworks",
				);
				MARKETING_VERSION = 1.0;
				PRODUCT_BUNDLE_IDENTIFIER = com.uliana.McdonaldsApp;
				PRODUCT_NAME = "$(TARGET_NAME)";
				SWIFT_EMIT_LOC_STRINGS = YES;
				SWIFT_VERSION = 5.0;
				TARGETED_DEVICE_FAMILY = "1,2";
			};
			name = Release;
		};
/* End XCBuildConfiguration section */

/* Begin XCConfigurationList section */
		85950D4F2949F51E00A41012 /* Build configuration list for PBXProject "McdonaldsApp" */ = {
			isa = XCConfigurationList;
			buildConfigurations = (
				85950D662949F52000A41012 /* Debug */,
				85950D672949F52000A41012 /* Release */,
			);
			defaultConfigurationIsVisible = 0;
			defaultConfigurationName = Release;
		};
		85950D682949F52000A41012 /* Build configuration list for PBXNativeTarget "McdonaldsApp" */ = {
			isa = XCConfigurationList;
			buildConfigurations = (
				85950D692949F52000A41012 /* Debug */,
				85950D6A2949F52000A41012 /* Release */,
			);
			defaultConfigurationIsVisible = 0;
			defaultConfigurationName = Release;
		};
/* End XCConfigurationList section */
	};
	rootObject = 85950D4C2949F51E00A41012 /* Project object */;
}
